{
  "name": "ajs1",
  "version": "1.0.0",
  "lockfileVersion": 3,
  "requires": true,
  "packages": {
    "": {
      "name": "ajs1",
      "version": "1.0.0",
      "license": "ISC",
      "dependencies": {
        "@dravl432/ajs": "^1.0.0"
      }
    },
    "node_modules/@dravl432/ajs": {
      "version": "1.0.0",
      "resolved": "https://npm.pkg.github.com/download/@dravl432/ajs/1.0.0/566b5aaaaa3a44e463579400a4e48e0051f33c89",
      "integrity": "sha512-l9nU1NtY/wVICahjzG9ToJRxRyZnJ3b/pnXgsTR2+kMfMXf5Q2llUY7XOKjG1mKygqq0gZGAzLwrAPXEhtTjJg=="
    }
  }
}
